// !$*UTF8*$!
{
	archiveVersion = 1;
	classes = {
	};
	objectVersion = 56;
	objects = {

/* Begin PBXBuildFile section */
		A1AC6331293ED717003DB832 /* AppDelegate.swift in Sources */ = {isa = PBXBuildFile; fileRef = A1AC6330293ED717003DB832 /* AppDelegate.swift */; };
		A1AC6333293ED717003DB832 /* SceneDelegate.swift in Sources */ = {isa = PBXBuildFile; fileRef = A1AC6332293ED717003DB832 /* SceneDelegate.swift */; };
		A1AC6335293ED717003DB832 /* ViewController.swift in Sources */ = {isa = PBXBuildFile; fileRef = A1AC6334293ED717003DB832 /* ViewController.swift */; };
		A1AC6338293ED717003DB832 /* Main.storyboard in Resources */ = {isa = PBXBuildFile; fileRef = A1AC6336293ED717003DB832 /* Main.storyboard */; };
		A1AC633A293ED718003DB832 /* Assets.xcassets in Resources */ = {isa = PBXBuildFile; fileRef = A1AC6339293ED718003DB832 /* Assets.xcassets */; };
		A1AC633D293ED718003DB832 /* LaunchScreen.storyboard in Resources */ = {isa = PBXBuildFile; fileRef = A1AC633B293ED718003DB832 /* LaunchScreen.storyboard */; };
		A1AC6346293ED7AB003DB832 /* NasaData.swift in Sources */ = {isa = PBXBuildFile; fileRef = A1AC6345293ED7AB003DB832 /* NasaData.swift */; };
		A1AC6349293ED7E1003DB832 /* NetworkManager.swift in Sources */ = {isa = PBXBuildFile; fileRef = A1AC6348293ED7E1003DB832 /* NetworkManager.swift */; };
		A1AC634C293ED842003DB832 /* Constants.swift in Sources */ = {isa = PBXBuildFile; fileRef = A1AC634B293ED842003DB832 /* Constants.swift */; };
		A1AC634F293ED886003DB832 /* URL+Extensions.swift in Sources */ = {isa = PBXBuildFile; fileRef = A1AC634E293ED886003DB832 /* URL+Extensions.swift */; };
		A1AC6351293EF9BD003DB832 /* BaseViewController.swift in Sources */ = {isa = PBXBuildFile; fileRef = A1AC6350293EF9BD003DB832 /* BaseViewController.swift */; };
		A1AC6355293F0028003DB832 /* ApodDetailViewController.swift in Sources */ = {isa = PBXBuildFile; fileRef = A1AC6354293F0028003DB832 /* ApodDetailViewController.swift */; };
		E0086215F53FD3B9C10697A5 /* Pods_NASA_APOD.framework in Frameworks */ = {isa = PBXBuildFile; fileRef = F4048A90730DBB0335EDEFF3 /* Pods_NASA_APOD.framework */; };
/* End PBXBuildFile section */

/* Begin PBXFileReference section */
		1877FBD1EFDCCAAA677A04C3 /* Pods-NASA APOD.debug.xcconfig */ = {isa = PBXFileReference; includeInIndex = 1; lastKnownFileType = text.xcconfig; name = "Pods-NASA APOD.debug.xcconfig"; path = "Target Support Files/Pods-NASA APOD/Pods-NASA APOD.debug.xcconfig"; sourceTree = "<group>"; };
		A1AC632D293ED717003DB832 /* NASA APOD.app */ = {isa = PBXFileReference; explicitFileType = wrapper.application; includeInIndex = 0; path = "NASA APOD.app"; sourceTree = BUILT_PRODUCTS_DIR; };
		A1AC6330293ED717003DB832 /* AppDelegate.swift */ = {isa = PBXFileReference; lastKnownFileType = sourcecode.swift; path = AppDelegate.swift; sourceTree = "<group>"; };
		A1AC6332293ED717003DB832 /* SceneDelegate.swift */ = {isa = PBXFileReference; lastKnownFileType = sourcecode.swift; path = SceneDelegate.swift; sourceTree = "<group>"; };
		A1AC6334293ED717003DB832 /* ViewController.swift */ = {isa = PBXFileReference; lastKnownFileType = sourcecode.swift; path = ViewController.swift; sourceTree = "<group>"; };
		A1AC6337293ED717003DB832 /* Base */ = {isa = PBXFileReference; lastKnownFileType = file.storyboard; name = Base; path = Base.lproj/Main.storyboard; sourceTree = "<group>"; };
		A1AC6339293ED718003DB832 /* Assets.xcassets */ = {isa = PBXFileReference; lastKnownFileType = folder.assetcatalog; path = Assets.xcassets; sourceTree = "<group>"; };
		A1AC633C293ED718003DB832 /* Base */ = {isa = PBXFileReference; lastKnownFileType = file.storyboard; name = Base; path = Base.lproj/LaunchScreen.storyboard; sourceTree = "<group>"; };
		A1AC633E293ED718003DB832 /* Info.plist */ = {isa = PBXFileReference; lastKnownFileType = text.plist.xml; path = Info.plist; sourceTree = "<group>"; };
		A1AC6345293ED7AB003DB832 /* NasaData.swift */ = {isa = PBXFileReference; lastKnownFileType = sourcecode.swift; path = NasaData.swift; sourceTree = "<group>"; };
		A1AC6348293ED7E1003DB832 /* NetworkManager.swift */ = {isa = PBXFileReference; lastKnownFileType = sourcecode.swift; path = NetworkManager.swift; sourceTree = "<group>"; };
		A1AC634B293ED842003DB832 /* Constants.swift */ = {isa = PBXFileReference; lastKnownFileType = sourcecode.swift; path = Constants.swift; sourceTree = "<group>"; };
		A1AC634E293ED886003DB832 /* URL+Extensions.swift */ = {isa = PBXFileReference; lastKnownFileType = sourcecode.swift; path = "URL+Extensions.swift"; sourceTree = "<group>"; };
		A1AC6350293EF9BD003DB832 /* BaseViewController.swift */ = {isa = PBXFileReference; lastKnownFileType = sourcecode.swift; path = BaseViewController.swift; sourceTree = "<group>"; };
		A1AC6354293F0028003DB832 /* ApodDetailViewController.swift */ = {isa = PBXFileReference; lastKnownFileType = sourcecode.swift; path = ApodDetailViewController.swift; sourceTree = "<group>"; };
		F4048A90730DBB0335EDEFF3 /* Pods_NASA_APOD.framework */ = {isa = PBXFileReference; explicitFileType = wrapper.framework; includeInIndex = 0; path = Pods_NASA_APOD.framework; sourceTree = BUILT_PRODUCTS_DIR; };
		F6048843767D8E52DD081E4B /* Pods-NASA APOD.release.xcconfig */ = {isa = PBXFileReference; includeInIndex = 1; lastKnownFileType = text.xcconfig; name = "Pods-NASA APOD.release.xcconfig"; path = "Target Support Files/Pods-NASA APOD/Pods-NASA APOD.release.xcconfig"; sourceTree = "<group>"; };
/* End PBXFileReference section */

/* Begin PBXFrameworksBuildPhase section */
		A1AC632A293ED717003DB832 /* Frameworks */ = {
			isa = PBXFrameworksBuildPhase;
			buildActionMask = 2147483647;
			files = (
				E0086215F53FD3B9C10697A5 /* Pods_NASA_APOD.framework in Frameworks */,
			);
			runOnlyForDeploymentPostprocessing = 0;
		};
/* End PBXFrameworksBuildPhase section */

/* Begin PBXGroup section */
		1AEDEC90937E2A4314C04C31 /* Pods */ = {
			isa = PBXGroup;
			children = (
				1877FBD1EFDCCAAA677A04C3 /* Pods-NASA APOD.debug.xcconfig */,
				F6048843767D8E52DD081E4B /* Pods-NASA APOD.release.xcconfig */,
			);
			path = Pods;
			sourceTree = "<group>";
		};
		A1AC6324293ED717003DB832 = {
			isa = PBXGroup;
			children = (
				A1AC632F293ED717003DB832 /* NASA APOD */,
				A1AC632E293ED717003DB832 /* Products */,
				1AEDEC90937E2A4314C04C31 /* Pods */,
				FBB8C45FC12F595BD9B44617 /* Frameworks */,
			);
			sourceTree = "<group>";
		};
		A1AC632E293ED717003DB832 /* Products */ = {
			isa = PBXGroup;
			children = (
				A1AC632D293ED717003DB832 /* NASA APOD.app */,
			);
			name = Products;
			sourceTree = "<group>";
		};
		A1AC632F293ED717003DB832 /* NASA APOD */ = {
			isa = PBXGroup;
			children = (
				A1AC634D293ED874003DB832 /* Extensions */,
				A1AC634A293ED831003DB832 /* Utils */,
				A1AC6344293ED79E003DB832 /* Networking */,
				A1AC6352293EFFFB003DB832 /* View Controllers */,
				A1AC6332293ED717003DB832 /* SceneDelegate.swift */,
				A1AC6330293ED717003DB832 /* AppDelegate.swift */,
				A1AC6336293ED717003DB832 /* Main.storyboard */,
				A1AC6339293ED718003DB832 /* Assets.xcassets */,
				A1AC633B293ED718003DB832 /* LaunchScreen.storyboard */,
				A1AC633E293ED718003DB832 /* Info.plist */,
				A1AC6350293EF9BD003DB832 /* BaseViewController.swift */,
			);
			path = "NASA APOD";
			sourceTree = "<group>";
		};
		A1AC6344293ED79E003DB832 /* Networking */ = {
			isa = PBXGroup;
			children = (
				A1AC6345293ED7AB003DB832 /* NasaData.swift */,
				A1AC6348293ED7E1003DB832 /* NetworkManager.swift */,
			);
			path = Networking;
			sourceTree = "<group>";
		};
		A1AC634A293ED831003DB832 /* Utils */ = {
			isa = PBXGroup;
			children = (
				A1AC634B293ED842003DB832 /* Constants.swift */,
			);
			path = Utils;
			sourceTree = "<group>";
		};
		A1AC634D293ED874003DB832 /* Extensions */ = {
			isa = PBXGroup;
			children = (
				A1AC634E293ED886003DB832 /* URL+Extensions.swift */,
			);
			path = Extensions;
			sourceTree = "<group>";
		};
		A1AC6352293EFFFB003DB832 /* View Controllers */ = {
			isa = PBXGroup;
			children = (
				A1AC6334293ED717003DB832 /* ViewController.swift */,
				A1AC6354293F0028003DB832 /* ApodDetailViewController.swift */,
			);
			path = "View Controllers";
			sourceTree = "<group>";
		};
		FBB8C45FC12F595BD9B44617 /* Frameworks */ = {
			isa = PBXGroup;
			children = (
				F4048A90730DBB0335EDEFF3 /* Pods_NASA_APOD.framework */,
			);
			name = Frameworks;
			sourceTree = "<group>";
		};
/* End PBXGroup section */

/* Begin PBXNativeTarget section */
		A1AC632C293ED717003DB832 /* NASA APOD */ = {
			isa = PBXNativeTarget;
			buildConfigurationList = A1AC6341293ED718003DB832 /* Build configuration list for PBXNativeTarget "NASA APOD" */;
			buildPhases = (
				9F0672B3C85CAC344A4882FC /* [CP] Check Pods Manifest.lock */,
				A1AC6329293ED717003DB832 /* Sources */,
				A1AC632A293ED717003DB832 /* Frameworks */,
				A1AC632B293ED717003DB832 /* Resources */,
				BF4D3FC94A90F9E943C26D22 /* [CP] Embed Pods Frameworks */,
			);
			buildRules = (
			);
			dependencies = (
			);
			name = "NASA APOD";
			productName = "NASA APOD";
			productReference = A1AC632D293ED717003DB832 /* NASA APOD.app */;
			productType = "com.apple.product-type.application";
		};
/* End PBXNativeTarget section */

/* Begin PBXProject section */
		A1AC6325293ED717003DB832 /* Project object */ = {
			isa = PBXProject;
			attributes = {
				BuildIndependentTargetsInParallel = 1;
				LastSwiftUpdateCheck = 1410;
				LastUpgradeCheck = 1410;
				TargetAttributes = {
					A1AC632C293ED717003DB832 = {
						CreatedOnToolsVersion = 14.1;
					};
				};
			};
			buildConfigurationList = A1AC6328293ED717003DB832 /* Build configuration list for PBXProject "NASA APOD" */;
			compatibilityVersion = "Xcode 14.0";
			developmentRegion = en;
			hasScannedForEncodings = 0;
			knownRegions = (
				en,
				Base,
			);
			mainGroup = A1AC6324293ED717003DB832;
			productRefGroup = A1AC632E293ED717003DB832 /* Products */;
			projectDirPath = "";
			projectRoot = "";
			targets = (
				A1AC632C293ED717003DB832 /* NASA APOD */,
			);
		};
/* End PBXProject section */

/* Begin PBXResourcesBuildPhase section */
		A1AC632B293ED717003DB832 /* Resources */ = {
			isa = PBXResourcesBuildPhase;
			buildActionMask = 2147483647;
			files = (
				A1AC633D293ED718003DB832 /* LaunchScreen.storyboard in Resources */,
				A1AC633A293ED718003DB832 /* Assets.xcassets in Resources */,
				A1AC6338293ED717003DB832 /* Main.storyboard in Resources */,
			);
			runOnlyForDeploymentPostprocessing = 0;
		};
/* End PBXResourcesBuildPhase section */

/* Begin PBXShellScriptBuildPhase section */
		9F0672B3C85CAC344A4882FC /* [CP] Check Pods Manifest.lock */ = {
			isa = PBXShellScriptBuildPhase;
			buildActionMask = 2147483647;
			files = (
			);
			inputFileListPaths = (
			);
			inputPaths = (
				"${PODS_PODFILE_DIR_PATH}/Podfile.lock",
				"${PODS_ROOT}/Manifest.lock",
			);
			name = "[CP] Check Pods Manifest.lock";
			outputFileListPaths = (
			);
			outputPaths = (
				"$(DERIVED_FILE_DIR)/Pods-NASA APOD-checkManifestLockResult.txt",
			);
			runOnlyForDeploymentPostprocessing = 0;
			shellPath = /bin/sh;
			shellScript = "diff \"${PODS_PODFILE_DIR_PATH}/Podfile.lock\" \"${PODS_ROOT}/Manifest.lock\" > /dev/null\nif [ $? != 0 ] ; then\n    # print error to STDERR\n    echo \"error: The sandbox is not in sync with the Podfile.lock. Run 'pod install' or update your CocoaPods installation.\" >&2\n    exit 1\nfi\n# This output is used by Xcode 'outputs' to avoid re-running this script phase.\necho \"SUCCESS\" > \"${SCRIPT_OUTPUT_FILE_0}\"\n";
			showEnvVarsInLog = 0;
		};
		BF4D3FC94A90F9E943C26D22 /* [CP] Embed Pods Frameworks */ = {
			isa = PBXShellScriptBuildPhase;
			buildActionMask = 2147483647;
			files = (
			);
			inputFileListPaths = (
				"${PODS_ROOT}/Target Support Files/Pods-NASA APOD/Pods-NASA APOD-frameworks-${CONFIGURATION}-input-files.xcfilelist",
			);
			name = "[CP] Embed Pods Frameworks";
			outputFileListPaths = (
				"${PODS_ROOT}/Target Support Files/Pods-NASA APOD/Pods-NASA APOD-frameworks-${CONFIGURATION}-output-files.xcfilelist",
			);
			runOnlyForDeploymentPostprocessing = 0;
			shellPath = /bin/sh;
			shellScript = "\"${PODS_ROOT}/Target Support Files/Pods-NASA APOD/Pods-NASA APOD-frameworks.sh\"\n";
			showEnvVarsInLog = 0;
		};
/* End PBXShellScriptBuildPhase section */

/* Begin PBXSourcesBuildPhase section */
		A1AC6329293ED717003DB832 /* Sources */ = {
			isa = PBXSourcesBuildPhase;
			buildActionMask = 2147483647;
			files = (
				A1AC6335293ED717003DB832 /* ViewController.swift in Sources */,
				A1AC634F293ED886003DB832 /* URL+Extensions.swift in Sources */,
				A1AC6331293ED717003DB832 /* AppDelegate.swift in Sources */,
				A1AC6349293ED7E1003DB832 /* NetworkManager.swift in Sources */,
				A1AC6346293ED7AB003DB832 /* NasaData.swift in Sources */,
				A1AC6355293F0028003DB832 /* ApodDetailViewController.swift in Sources */,
				A1AC6351293EF9BD003DB832 /* BaseViewController.swift in Sources */,
				A1AC6333293ED717003DB832 /* SceneDelegate.swift in Sources */,
				A1AC634C293ED842003DB832 /* Constants.swift in Sources */,
			);
			runOnlyForDeploymentPostprocessing = 0;
		};
/* End PBXSourcesBuildPhase section */

/* Begin PBXVariantGroup section */
		A1AC6336293ED717003DB832 /* Main.storyboard */ = {
			isa = PBXVariantGroup;
			children = (
				A1AC6337293ED717003DB832 /* Base */,
			);
			name = Main.storyboard;
			sourceTree = "<group>";
		};
		A1AC633B293ED718003DB832 /* LaunchScreen.storyboard */ = {
			isa = PBXVariantGroup;
			children = (
				A1AC633C293ED718003DB832 /* Base */,
			);
			name = LaunchScreen.storyboard;
			sourceTree = "<group>";
		};
/* End PBXVariantGroup section */

/* Begin XCBuildConfiguration section */
		A1AC633F293ED718003DB832 /* Debug */ = {
			isa = XCBuildConfiguration;
			buildSettings = {
				ALWAYS_SEARCH_USER_PATHS = NO;
				CLANG_ANALYZER_NONNULL = YES;
				CLANG_ANALYZER_NUMBER_OBJECT_CONVERSION = YES_AGGRESSIVE;
				CLANG_CXX_LANGUAGE_STANDARD = "gnu++20";
				CLANG_ENABLE_MODULES = YES;
				CLANG_ENABLE_OBJC_ARC = YES;
				CLANG_ENABLE_OBJC_WEAK = YES;
				CLANG_WARN_BLOCK_CAPTURE_AUTORELEASING = YES;
				CLANG_WARN_BOOL_CONVERSION = YES;
				CLANG_WARN_COMMA = YES;
				CLANG_WARN_CONSTANT_CONVERSION = YES;
				CLANG_WARN_DEPRECATED_OBJC_IMPLEMENTATIONS = YES;
				CLANG_WARN_DIRECT_OBJC_ISA_USAGE = YES_ERROR;
				CLANG_WARN_DOCUMENTATION_COMMENTS = YES;
				CLANG_WARN_EMPTY_BODY = YES;
				CLANG_WARN_ENUM_CONVERSION = YES;
				CLANG_WARN_INFINITE_RECURSION = YES;
				CLANG_WARN_INT_CONVERSION = YES;
				CLANG_WARN_NON_LITERAL_NULL_CONVERSION = YES;
				CLANG_WARN_OBJC_IMPLICIT_RETAIN_SELF = YES;
				CLANG_WARN_OBJC_LITERAL_CONVERSION = YES;
				CLANG_WARN_OBJC_ROOT_CLASS = YES_ERROR;
				CLANG_WARN_QUOTED_INCLUDE_IN_FRAMEWORK_HEADER = YES;
				CLANG_WARN_RANGE_LOOP_ANALYSIS = YES;
				CLANG_WARN_STRICT_PROTOTYPES = YES;
				CLANG_WARN_SUSPICIOUS_MOVE = YES;
				CLANG_WARN_UNGUARDED_AVAILABILITY = YES_AGGRESSIVE;
				CLANG_WARN_UNREACHABLE_CODE = YES;
				CLANG_WARN__DUPLICATE_METHOD_MATCH = YES;
				COPY_PHASE_STRIP = NO;
				DEBUG_INFORMATION_FORMAT = dwarf;
				ENABLE_STRICT_OBJC_MSGSEND = YES;
				ENABLE_TESTABILITY = YES;
				GCC_C_LANGUAGE_STANDARD = gnu11;
				GCC_DYNAMIC_NO_PIC = NO;
				GCC_NO_COMMON_BLOCKS = YES;
				GCC_OPTIMIZATION_LEVEL = 0;
				GCC_PREPROCESSOR_DEFINITIONS = (
					"DEBUG=1",
					"$(inherited)",
				);
				GCC_WARN_64_TO_32_BIT_CONVERSION = YES;
				GCC_WARN_ABOUT_RETURN_TYPE = YES_ERROR;
				GCC_WARN_UNDECLARED_SELECTOR = YES;
				GCC_WARN_UNINITIALIZED_AUTOS = YES_AGGRESSIVE;
				GCC_WARN_UNUSED_FUNCTION = YES;
				GCC_WARN_UNUSED_VARIABLE = YES;
				IPHONEOS_DEPLOYMENT_TARGET = 16.1;
				MTL_ENABLE_DEBUG_INFO = INCLUDE_SOURCE;
				MTL_FAST_MATH = YES;
				ONLY_ACTIVE_ARCH = YES;
				SDKROOT = iphoneos;
				SWIFT_ACTIVE_COMPILATION_CONDITIONS = DEBUG;
				SWIFT_OPTIMIZATION_LEVEL = "-Onone";
			};
			name = Debug;
		};
		A1AC6340293ED718003DB832 /* Release */ = {
			isa = XCBuildConfiguration;
			buildSettings = {
				ALWAYS_SEARCH_USER_PATHS = NO;
				CLANG_ANALYZER_NONNULL = YES;
				CLANG_ANALYZER_NUMBER_OBJECT_CONVERSION = YES_AGGRESSIVE;
				CLANG_CXX_LANGUAGE_STANDARD = "gnu++20";
				CLANG_ENABLE_MODULES = YES;
				CLANG_ENABLE_OBJC_ARC = YES;
				CLANG_ENABLE_OBJC_WEAK = YES;
				CLANG_WARN_BLOCK_CAPTURE_AUTORELEASING = YES;
				CLANG_WARN_BOOL_CONVERSION = YES;
				CLANG_WARN_COMMA = YES;
				CLANG_WARN_CONSTANT_CONVERSION = YES;
				CLANG_WARN_DEPRECATED_OBJC_IMPLEMENTATIONS = YES;
				CLANG_WARN_DIRECT_OBJC_ISA_USAGE = YES_ERROR;
				CLANG_WARN_DOCUMENTATION_COMMENTS = YES;
				CLANG_WARN_EMPTY_BODY = YES;
				CLANG_WARN_ENUM_CONVERSION = YES;
				CLANG_WARN_INFINITE_RECURSION = YES;
				CLANG_WARN_INT_CONVERSION = YES;
				CLANG_WARN_NON_LITERAL_NULL_CONVERSION = YES;
				CLANG_WARN_OBJC_IMPLICIT_RETAIN_SELF = YES;
				CLANG_WARN_OBJC_LITERAL_CONVERSION = YES;
				CLANG_WARN_OBJC_ROOT_CLASS = YES_ERROR;
				CLANG_WARN_QUOTED_INCLUDE_IN_FRAMEWORK_HEADER = YES;
				CLANG_WARN_RANGE_LOOP_ANALYSIS = YES;
				CLANG_WARN_STRICT_PROTOTYPES = YES;
				CLANG_WARN_SUSPICIOUS_MOVE = YES;
				CLANG_WARN_UNGUARDED_AVAILABILITY = YES_AGGRESSIVE;
				CLANG_WARN_UNREACHABLE_CODE = YES;
				CLANG_WARN__DUPLICATE_METHOD_MATCH = YES;
				COPY_PHASE_STRIP = NO;
				DEBUG_INFORMATION_FORMAT = "dwarf-with-dsym";
				ENABLE_NS_ASSERTIONS = NO;
				ENABLE_STRICT_OBJC_MSGSEND = YES;
				GCC_C_LANGUAGE_STANDARD = gnu11;
				GCC_NO_COMMON_BLOCKS = YES;
				GCC_WARN_64_TO_32_BIT_CONVERSION = YES;
				GCC_WARN_ABOUT_RETURN_TYPE = YES_ERROR;
				GCC_WARN_UNDECLARED_SELECTOR = YES;
				GCC_WARN_UNINITIALIZED_AUTOS = YES_AGGRESSIVE;
				GCC_WARN_UNUSED_FUNCTION = YES;
				GCC_WARN_UNUSED_VARIABLE = YES;
				IPHONEOS_DEPLOYMENT_TARGET = 16.1;
				MTL_ENABLE_DEBUG_INFO = NO;
				MTL_FAST_MATH = YES;
				SDKROOT = iphoneos;
				SWIFT_COMPILATION_MODE = wholemodule;
				SWIFT_OPTIMIZATION_LEVEL = "-O";
				VALIDATE_PRODUCT = YES;
			};
			name = Release;
		};
		A1AC6342293ED718003DB832 /* Debug */ = {
			isa = XCBuildConfiguration;
			baseConfigurationReference = 1877FBD1EFDCCAAA677A04C3 /* Pods-NASA APOD.debug.xcconfig */;
			buildSettings = {
				ASSETCATALOG_COMPILER_APPICON_NAME = AppIcon;
				ASSETCATALOG_COMPILER_GLOBAL_ACCENT_COLOR_NAME = AccentColor;
				CODE_SIGN_STYLE = Automatic;
				CURRENT_PROJECT_VERSION = 1;
				DEVELOPMENT_TEAM = VUVH7VSMAF;
				GENERATE_INFOPLIST_FILE = YES;
				INFOPLIST_FILE = "NASA APOD/Info.plist";
				INFOPLIST_KEY_UIApplicationSupportsIndirectInputEvents = YES;
				INFOPLIST_KEY_UILaunchStoryboardName = LaunchScreen;
				INFOPLIST_KEY_UIMainStoryboardFile = Main;
				INFOPLIST_KEY_UISupportedInterfaceOrientations_iPad = "UIInterfaceOrientationPortrait UIInterfaceOrientationPortraitUpsideDown UIInterfaceOrientationLandscapeLeft UIInterfaceOrientationLandscapeRight";
				INFOPLIST_KEY_UISupportedInterfaceOrientations_iPhone = "UIInterfaceOrientationPortrait UIInterfaceOrientationLandscapeLeft UIInterfaceOrientationLandscapeRight";
				LD_RUNPATH_SEARCH_PATHS = (
					"$(inherited)",
					"@executable_path/Frameworks",
				);
				MARKETING_VERSION = 1.0;
				PRODUCT_BUNDLE_IDENTIFIER = "com.vinayThapa.NASA-APOD";
				PRODUCT_NAME = "$(TARGET_NAME)";
				SWIFT_EMIT_LOC_STRINGS = YES;
				SWIFT_VERSION = 5.0;
				TARGETED_DEVICE_FAMILY = "1,2";
			};
			name = Debug;
		};
		A1AC6343293ED718003DB832 /* Release */ = {
			isa = XCBuildConfiguration;
			baseConfigurationReference = F6048843767D8E52DD081E4B /* Pods-NASA APOD.release.xcconfig */;
			buildSettings = {
				ASSETCATALOG_COMPILER_APPICON_NAME = AppIcon;
				ASSETCATALOG_COMPILER_GLOBAL_ACCENT_COLOR_NAME = AccentColor;
				CODE_SIGN_STYLE = Automatic;
				CURRENT_PROJECT_VERSION = 1;
				DEVELOPMENT_TEAM = VUVH7VSMAF;
				GENERATE_INFOPLIST_FILE = YES;
				INFOPLIST_FILE = "NASA APOD/Info.plist";
				INFOPLIST_KEY_UIApplicationSupportsIndirectInputEvents = YES;
				INFOPLIST_KEY_UILaunchStoryboardName = LaunchScreen;
				INFOPLIST_KEY_UIMainStoryboardFile = Main;
				INFOPLIST_KEY_UISupportedInterfaceOrientations_iPad = "UIInterfaceOrientationPortrait UIInterfaceOrientationPortraitUpsideDown UIInterfaceOrientationLandscapeLeft UIInterfaceOrientationLandscapeRight";
				INFOPLIST_KEY_UISupportedInterfaceOrientations_iPhone = "UIInterfaceOrientationPortrait UIInterfaceOrientationLandscapeLeft UIInterfaceOrientationLandscapeRight";
				LD_RUNPATH_SEARCH_PATHS = (
					"$(inherited)",
					"@executable_path/Frameworks",
				);
				MARKETING_VERSION = 1.0;
				PRODUCT_BUNDLE_IDENTIFIER = "com.vinayThapa.NASA-APOD";
				PRODUCT_NAME = "$(TARGET_NAME)";
				SWIFT_EMIT_LOC_STRINGS = YES;
				SWIFT_VERSION = 5.0;
				TARGETED_DEVICE_FAMILY = "1,2";
			};
			name = Release;
		};
/* End XCBuildConfiguration section */

/* Begin XCConfigurationList section */
		A1AC6328293ED717003DB832 /* Build configuration list for PBXProject "NASA APOD" */ = {
			isa = XCConfigurationList;
			buildConfigurations = (
				A1AC633F293ED718003DB832 /* Debug */,
				A1AC6340293ED718003DB832 /* Release */,
			);
			defaultConfigurationIsVisible = 0;
			defaultConfigurationName = Release;
		};
		A1AC6341293ED718003DB832 /* Build configuration list for PBXNativeTarget "NASA APOD" */ = {
			isa = XCConfigurationList;
			buildConfigurations = (
				A1AC6342293ED718003DB832 /* Debug */,
				A1AC6343293ED718003DB832 /* Release */,
			);
			defaultConfigurationIsVisible = 0;
			defaultConfigurationName = Release;
		};
/* End XCConfigurationList section */
	};
	rootObject = A1AC6325293ED717003DB832 /* Project object */;
}
